
Microsoft Visual Studio Solution File, Format Version 12.00
# Visual Studio 15
VisualStudioVersion = 15.0.28307.168
MinimumVisualStudioVersion = 10.0.40219.1
Project("{FAE04EC0-301F-11D3-BF4B-00C04F79EFBC}") = "Caro", "Caro\Caro.csproj", "{B358AA4A-F698-43D7-B572-C763F8ACEDBF}"
EndProject
Global
	GlobalSection(SolutionConfigurationPlatforms) = preSolution
		Debug|Any CPU = Debug|Any CPU
		Release|Any CPU = Release|Any CPU
	EndGlobalSection
	GlobalSection(ProjectConfigurationPlatforms) = postSolution
		{B358AA4A-F698-43D7-B572-C763F8ACEDBF}.Debug|Any CPU.ActiveCfg = Debug|Any CPU
		{B358AA4A-F698-43D7-B572-C763F8ACEDBF}.Debug|Any CPU.Build.0 = Debug|Any CPU
		{B358AA4A-F698-43D7-B572-C763F8ACEDBF}.Release|Any CPU.ActiveCfg = Release|Any CPU
		{B358AA4A-F698-43D7-B572-C763F8ACEDBF}.Release|Any CPU.Build.0 = Release|Any CPU
	EndGlobalSection
	GlobalSection(SolutionProperties) = preSolution
		HideSolutionNode = FALSE
	EndGlobalSection
	GlobalSection(ExtensibilityGlobals) = postSolution
		SolutionGuid = {E22F23D7-D64C-4996-B0D3-3CDAE31A2A09}
	EndGlobalSection
EndGlobal
